
Microsoft Visual Studio Solution File, Format Version 12.00
# Visual Studio Version 17
VisualStudioVersion = 17.10.35013.160
MinimumVisualStudioVersion = 10.0.40219.1
Project("{FAE04EC0-301F-11D3-BF4B-00C04F79EFBC}") = "BTNV1", "BTNV1.csproj", "{8E154D7C-9501-4065-916B-05EFD1124641}"
EndProject
Global
	GlobalSection(SolutionConfigurationPlatforms) = preSolution
		Debug|Any CPU = Debug|Any CPU
		Release|Any CPU = Release|Any CPU
	EndGlobalSection
	GlobalSection(ProjectConfigurationPlatforms) = postSolution
		{8E154D7C-9501-4065-916B-05EFD1124641}.Debug|Any CPU.ActiveCfg = Debug|Any CPU
		{8E154D7C-9501-4065-916B-05EFD1124641}.Debug|Any CPU.Build.0 = Debug|Any CPU
		{8E154D7C-9501-4065-916B-05EFD1124641}.Release|Any CPU.ActiveCfg = Release|Any CPU
		{8E154D7C-9501-4065-916B-05EFD1124641}.Release|Any CPU.Build.0 = Release|Any CPU
	EndGlobalSection
	GlobalSection(SolutionProperties) = preSolution
		HideSolutionNode = FALSE
	EndGlobalSection
	GlobalSection(ExtensibilityGlobals) = postSolution
		SolutionGuid = {64D7B3AB-6A91-4B1C-9FA4-31667B3C0B5C}
	EndGlobalSection
EndGlobal
